{
  "name": "vanilla",
  "version": "1.0.0",
  "lockfileVersion": 3,
  "requires": true,
  "packages": {
    "": {
      "name": "vanilla",
      "version": "1.0.0",
      "license": "ISC",
      "dependencies": {
        "@mindfiredigital/textigniter": "^1.2.0"
      }
    },
    "node_modules/@mindfiredigital/textigniter": {
      "version": "1.2.0",
      "resolved": "https://registry.npmjs.org/@mindfiredigital/textigniter/-/textigniter-1.2.0.tgz",
      "integrity": "sha512-zOxZpVlruOlqbMdJQDX6IqIg6eeCgUoSxTLLL7sIJC9stmsk0hJFLwVmQlpBrIoYNOu1C/Nlvj4qP82S5R33bg==",
      "license": "MIT",
      "engines": {
        "node": ">=12.0.0"
      }
    }
  }
}
